{"is_source_file": false, "format": "", "description": "", "external_files": [], "external_methods": [], "published": [], "classes": [], "methods": [], "calls": [], "search-terms": [], "state": 2, "file_id": 6, "knowledge_revision": 14, "git_revision": "6a842c70db410822fe43cd9bb541a9fdcde4d83b", "filename": "/home/kavia/workspace/code-generation/tictactoe-classic-20826-ade0fdd6/tic_tac_toe_game/post_process_status.lock", "hash": "9c4ed7ef73e22b872b8055bec08b8979", "format-version": 4, "code-base-name": "default", "revision_history": [{"14": "6a842c70db410822fe43cd9bb541a9fdcde4d83b"}]}